
Microsoft Visual Studio Solution File, Format Version 12.00
# Visual Studio Version 17
VisualStudioVersion = 17.10.35027.167
MinimumVisualStudioVersion = 10.0.40219.1
Project("{FAE04EC0-301F-11D3-BF4B-00C04F79EFBC}") = "Rental_Service", "Rental_Service\Rental_Service.csproj", "{ADAB336B-EF9C-4FB9-8F1A-06F64391CEBD}"
EndProject
Global
	GlobalSection(SolutionConfigurationPlatforms) = preSolution
		Debug|Any CPU = Debug|Any CPU
		Release|Any CPU = Release|Any CPU
	EndGlobalSection
	GlobalSection(ProjectConfigurationPlatforms) = postSolution
		{ADAB336B-EF9C-4FB9-8F1A-06F64391CEBD}.Debug|Any CPU.ActiveCfg = Debug|Any CPU
		{ADAB336B-EF9C-4FB9-8F1A-06F64391CEBD}.Debug|Any CPU.Build.0 = Debug|Any CPU
		{ADAB336B-EF9C-4FB9-8F1A-06F64391CEBD}.Release|Any CPU.ActiveCfg = Release|Any CPU
		{ADAB336B-EF9C-4FB9-8F1A-06F64391CEBD}.Release|Any CPU.Build.0 = Release|Any CPU
	EndGlobalSection
	GlobalSection(SolutionProperties) = preSolution
		HideSolutionNode = FALSE
	EndGlobalSection
	GlobalSection(ExtensibilityGlobals) = postSolution
		SolutionGuid = {D5796E2A-5509-4214-86E1-491089268188}
	EndGlobalSection
EndGlobal
